<?xml version="1.0" encoding="utf-8"?>
<Project ToolsVersion="4.0" xmlns="http://schemas.microsoft.com/developer/msbuild/2003">
  <ItemGroup>
    <ClCompile Include="addon.cpp" />
    <ClCompile Include="data_reader.cpp" />
    <ClCompile Include="timecycle.cpp" />
    <ClCompile Include="..\deps\tinyxml2\tinyxml2.cpp" />
    <ClCompile Include="rdr1_source.cpp" />
    <ClCompile Include="gtav_source.cpp" />
    <ClCompile Include="reshade_data.cpp" />
    <ClCompile Include="game_data_source.cpp" />
    <ClCompile Include="cloud_overlay.cpp" />
    <ClCompile Include="cloud_presets.cpp" />
    <ClCompile Include="cloud_uniforms.cpp" />
    <ClCompile Include="scripthook_bridge.cpp" />
    <ClCompile Include="cloud_overlay_integration.cpp" />
  </ItemGroup>
  <ItemGroup>
    <ClInclude Include="data_reader.hpp" />
    <ClInclude Include="types.hpp" />
    <ClInclude Include="timecycle.hpp" />
    <ClInclude Include="..\deps\tinyxml2\tinyxml2.h" />
    <ClInclude Include="game_data_source.hpp" />
    <ClInclude Include="util.hpp" />
    <ClInclude Include="gtav_source.hpp" />
    <ClInclude Include="gtav_timecycle.hpp" />
    <ClInclude Include="reshade_data.hpp" />
    <ClInclude Include="addon.hpp" />
    <ClInclude Include="depth.hpp" />
    <ClInclude Include="util\IniLite.hpp">
      <Filter>utils</Filter>
    </ClInclude>
    <ClInclude Include="util\PathUtils.hpp">
      <Filter>utils</Filter>
    </ClInclude>
    <ClInclude Include="cloud_overlay.hpp" />
    <ClInclude Include="cloud_presets.hpp" />
    <ClInclude Include="cloud_uniforms.hpp" />
    <ClInclude Include="rdr1_source.hpp" />
    <ClInclude Include="rdr1_timecycle.hpp" />
    <ClInclude Include="scripthook_bridge.hpp" />
  </ItemGroup>
  <ItemGroup>
    <Filter Include="utils">
      <UniqueIdentifier>{37e1640d-8d54-43f4-b164-c185414dd894}</UniqueIdentifier>
    </Filter>
  </ItemGroup>
</Project>