
Microsoft Visual Studio Solution File, Format Version 12.00
# Visual Studio Version 17
VisualStudioVersion = 17.6.33815.320
MinimumVisualStudioVersion = 10.0.40219.1
Project("{8BC9CEB8-8B4A-11D0-8D11-00A0C91BC942}") = "pulsev", "PulseV.vcxproj", "{03869F31-1377-4A09-8CD2-C84D66E2A13F}"
EndProject
Global
	GlobalSection(SolutionConfigurationPlatforms) = preSolution
		Debug|x64 = Debug|x64
		Debug|x86 = Debug|x86
		Release|x64 = Release|x64
		Release|x86 = Release|x86
		Release-GTAV|x64 = Release-GTAV|x64
		Release-GTAV|x86 = Release-GTAV|x86
		Release-RDR1|x64 = Release-RDR1|x64
		Release-RDR1|x86 = Release-RDR1|x86
	EndGlobalSection
	GlobalSection(ProjectConfigurationPlatforms) = postSolution
		{03869F31-1377-4A09-8CD2-C84D66E2A13F}.Debug|x64.ActiveCfg = Debug|x64
		{03869F31-1377-4A09-8CD2-C84D66E2A13F}.Debug|x64.Build.0 = Debug|x64
		{03869F31-1377-4A09-8CD2-C84D66E2A13F}.Debug|x86.ActiveCfg = Debug|Win32
		{03869F31-1377-4A09-8CD2-C84D66E2A13F}.Debug|x86.Build.0 = Debug|Win32
		{03869F31-1377-4A09-8CD2-C84D66E2A13F}.Release|x64.ActiveCfg = Release|x64
		{03869F31-1377-4A09-8CD2-C84D66E2A13F}.Release|x64.Build.0 = Release|x64
		{03869F31-1377-4A09-8CD2-C84D66E2A13F}.Release|x86.ActiveCfg = Release|Win32
		{03869F31-1377-4A09-8CD2-C84D66E2A13F}.Release|x86.Build.0 = Release|Win32
		{03869F31-1377-4A09-8CD2-C84D66E2A13F}.Release-GTAV|x64.ActiveCfg = Release-GTAV|x64
		{03869F31-1377-4A09-8CD2-C84D66E2A13F}.Release-GTAV|x64.Build.0 = Release-GTAV|x64
		{03869F31-1377-4A09-8CD2-C84D66E2A13F}.Release-GTAV|x86.ActiveCfg = Release-GTAV|Win32
		{03869F31-1377-4A09-8CD2-C84D66E2A13F}.Release-GTAV|x86.Build.0 = Release-GTAV|Win32
		{03869F31-1377-4A09-8CD2-C84D66E2A13F}.Release-RDR1|x64.ActiveCfg = Release-RDR1|x64
		{03869F31-1377-4A09-8CD2-C84D66E2A13F}.Release-RDR1|x64.Build.0 = Release-RDR1|x64
		{03869F31-1377-4A09-8CD2-C84D66E2A13F}.Release-RDR1|x86.ActiveCfg = Release-RDR1|Win32
		{03869F31-1377-4A09-8CD2-C84D66E2A13F}.Release-RDR1|x86.Build.0 = Release-RDR1|Win32
	EndGlobalSection
	GlobalSection(SolutionProperties) = preSolution
		HideSolutionNode = FALSE
	EndGlobalSection
	GlobalSection(ExtensibilityGlobals) = postSolution
		SolutionGuid = {EB406D62-F084-4EC3-888F-FA5CB6F09343}
	EndGlobalSection
EndGlobal
